// !$*UTF8*$!
{
	archiveVersion = 1;
	classes = {
	};
	objectVersion = 46;
	objects = {

/* Begin PBXBuildFile section */
		F94BF9581E91461200E5A021 /* main.m in Sources */ = {isa = PBXBuildFile; fileRef = F94BF9571E91461200E5A021 /* main.m */; };
		F94BF95B1E91461200E5A021 /* AppDelegate.m in Sources */ = {isa = PBXBuildFile; fileRef = F94BF95A1E91461200E5A021 /* AppDelegate.m */; };
		F94BF95E1E91461200E5A021 /* ViewController.m in Sources */ = {isa = PBXBuildFile; fileRef = F94BF95D1E91461200E5A021 /* ViewController.m */; };
		F94BF9611E91461200E5A021 /* Main.storyboard in Resources */ = {isa = PBXBuildFile; fileRef = F94BF95F1E91461200E5A021 /* Main.storyboard */; };
		F94BF9631E91461200E5A021 /* Assets.xcassets in Resources */ = {isa = PBXBuildFile; fileRef = F94BF9621E91461200E5A021 /* Assets.xcassets */; };
		F94BF9661E91461200E5A021 /* LaunchScreen.storyboard in Resources */ = {isa = PBXBuildFile; fileRef = F94BF9641E91461200E5A021 /* LaunchScreen.storyboard */; };
		F94BF9711E91461200E5A021 /* _0_lecture_UIView_AnimationsTests.m in Sources */ = {isa = PBXBuildFile; fileRef = F94BF9701E91461200E5A021 /* _0_lecture_UIView_AnimationsTests.m */; };
		F94BF97C1E91461200E5A021 /* _0_lecture_UIView_AnimationsUITests.m in Sources */ = {isa = PBXBuildFile; fileRef = F94BF97B1E91461200E5A021 /* _0_lecture_UIView_AnimationsUITests.m */; };
		F9AFE8471E9403C7000BAD5F /* img1.png in Resources */ = {isa = PBXBuildFile; fileRef = F9AFE8441E9403C7000BAD5F /* img1.png */; };
		F9AFE8481E9403C7000BAD5F /* img2.png in Resources */ = {isa = PBXBuildFile; fileRef = F9AFE8451E9403C7000BAD5F /* img2.png */; };
		F9AFE8491E9403C7000BAD5F /* img3.png in Resources */ = {isa = PBXBuildFile; fileRef = F9AFE8461E9403C7000BAD5F /* img3.png */; };
/* End PBXBuildFile section */

/* Begin PBXContainerItemProxy section */
		F94BF96D1E91461200E5A021 /* PBXContainerItemProxy */ = {
			isa = PBXContainerItemProxy;
			containerPortal = F94BF94B1E91461100E5A021 /* Project object */;
			proxyType = 1;
			remoteGlobalIDString = F94BF9521E91461100E5A021;
			remoteInfo = 20_lecture_UIView_Animations;
		};
		F94BF9781E91461200E5A021 /* PBXContainerItemProxy */ = {
			isa = PBXContainerItemProxy;
			containerPortal = F94BF94B1E91461100E5A021 /* Project object */;
			proxyType = 1;
			remoteGlobalIDString = F94BF9521E91461100E5A021;
			remoteInfo = 20_lecture_UIView_Animations;
		};
/* End PBXContainerItemProxy section */

/* Begin PBXFileReference section */
		F94BF9531E91461200E5A021 /* 20_lecture_UIView_Animations.app */ = {isa = PBXFileReference; explicitFileType = wrapper.application; includeInIndex = 0; path = 20_lecture_UIView_Animations.app; sourceTree = BUILT_PRODUCTS_DIR; };
		F94BF9571E91461200E5A021 /* main.m */ = {isa = PBXFileReference; lastKnownFileType = sourcecode.c.objc; path = main.m; sourceTree = "<group>"; };
		F94BF9591E91461200E5A021 /* AppDelegate.h */ = {isa = PBXFileReference; lastKnownFileType = sourcecode.c.h; path = AppDelegate.h; sourceTree = "<group>"; };
		F94BF95A1E91461200E5A021 /* AppDelegate.m */ = {isa = PBXFileReference; lastKnownFileType = sourcecode.c.objc; path = AppDelegate.m; sourceTree = "<group>"; };
		F94BF95C1E91461200E5A021 /* ViewController.h */ = {isa = PBXFileReference; lastKnownFileType = sourcecode.c.h; path = ViewController.h; sourceTree = "<group>"; };
		F94BF95D1E91461200E5A021 /* ViewController.m */ = {isa = PBXFileReference; lastKnownFileType = sourcecode.c.objc; path = ViewController.m; sourceTree = "<group>"; };
		F94BF9601E91461200E5A021 /* Base */ = {isa = PBXFileReference; lastKnownFileType = file.storyboard; name = Base; path = Base.lproj/Main.storyboard; sourceTree = "<group>"; };
		F94BF9621E91461200E5A021 /* Assets.xcassets */ = {isa = PBXFileReference; lastKnownFileType = folder.assetcatalog; path = Assets.xcassets; sourceTree = "<group>"; };
		F94BF9651E91461200E5A021 /* Base */ = {isa = PBXFileReference; lastKnownFileType = file.storyboard; name = Base; path = Base.lproj/LaunchScreen.storyboard; sourceTree = "<group>"; };
		F94BF9671E91461200E5A021 /* Info.plist */ = {isa = PBXFileReference; lastKnownFileType = text.plist.xml; path = Info.plist; sourceTree = "<group>"; };
		F94BF96C1E91461200E5A021 /* 20_lecture_UIView_AnimationsTests.xctest */ = {isa = PBXFileReference; explicitFileType = wrapper.cfbundle; includeInIndex = 0; path = 20_lecture_UIView_AnimationsTests.xctest; sourceTree = BUILT_PRODUCTS_DIR; };
		F94BF9701E91461200E5A021 /* _0_lecture_UIView_AnimationsTests.m */ = {isa = PBXFileReference; lastKnownFileType = sourcecode.c.objc; path = _0_lecture_UIView_AnimationsTests.m; sourceTree = "<group>"; };
		F94BF9721E91461200E5A021 /* Info.plist */ = {isa = PBXFileReference; lastKnownFileType = text.plist.xml; path = Info.plist; sourceTree = "<group>"; };
		F94BF9771E91461200E5A021 /* 20_lecture_UIView_AnimationsUITests.xctest */ = {isa = PBXFileReference; explicitFileType = wrapper.cfbundle; includeInIndex = 0; path = 20_lecture_UIView_AnimationsUITests.xctest; sourceTree = BUILT_PRODUCTS_DIR; };
		F94BF97B1E91461200E5A021 /* _0_lecture_UIView_AnimationsUITests.m */ = {isa = PBXFileReference; lastKnownFileType = sourcecode.c.objc; path = _0_lecture_UIView_AnimationsUITests.m; sourceTree = "<group>"; };
		F94BF97D1E91461200E5A021 /* Info.plist */ = {isa = PBXFileReference; lastKnownFileType = text.plist.xml; path = Info.plist; sourceTree = "<group>"; };
		F9AFE8441E9403C7000BAD5F /* img1.png */ = {isa = PBXFileReference; lastKnownFileType = image.png; path = img1.png; sourceTree = "<group>"; };
		F9AFE8451E9403C7000BAD5F /* img2.png */ = {isa = PBXFileReference; lastKnownFileType = image.png; path = img2.png; sourceTree = "<group>"; };
		F9AFE8461E9403C7000BAD5F /* img3.png */ = {isa = PBXFileReference; lastKnownFileType = image.png; path = img3.png; sourceTree = "<group>"; };
/* End PBXFileReference section */

/* Begin PBXFrameworksBuildPhase section */
		F94BF9501E91461100E5A021 /* Frameworks */ = {
			isa = PBXFrameworksBuildPhase;
			buildActionMask = 2147483647;
			files = (
			);
			runOnlyForDeploymentPostprocessing = 0;
		};
		F94BF9691E91461200E5A021 /* Frameworks */ = {
			isa = PBXFrameworksBuildPhase;
			buildActionMask = 2147483647;
			files = (
			);
			runOnlyForDeploymentPostprocessing = 0;
		};
		F94BF9741E91461200E5A021 /* Frameworks */ = {
			isa = PBXFrameworksBuildPhase;
			buildActionMask = 2147483647;
			files = (
			);
			runOnlyForDeploymentPostprocessing = 0;
		};
/* End PBXFrameworksBuildPhase section */

/* Begin PBXGroup section */
		F94BF94A1E91461100E5A021 = {
			isa = PBXGroup;
			children = (
				F94BF9551E91461200E5A021 /* 20_lecture_UIView_Animations */,
				F9AFE8431E9403C7000BAD5F /* imgFile */,
				F94BF96F1E91461200E5A021 /* 20_lecture_UIView_AnimationsTests */,
				F94BF97A1E91461200E5A021 /* 20_lecture_UIView_AnimationsUITests */,
				F94BF9541E91461200E5A021 /* Products */,
			);
			sourceTree = "<group>";
		};
		F94BF9541E91461200E5A021 /* Products */ = {
			isa = PBXGroup;
			children = (
				F94BF9531E91461200E5A021 /* 20_lecture_UIView_Animations.app */,
				F94BF96C1E91461200E5A021 /* 20_lecture_UIView_AnimationsTests.xctest */,
				F94BF9771E91461200E5A021 /* 20_lecture_UIView_AnimationsUITests.xctest */,
			);
			name = Products;
			sourceTree = "<group>";
		};
		F94BF9551E91461200E5A021 /* 20_lecture_UIView_Animations */ = {
			isa = PBXGroup;
			children = (
				F94BF9591E91461200E5A021 /* AppDelegate.h */,
				F94BF95A1E91461200E5A021 /* AppDelegate.m */,
				F94BF95C1E91461200E5A021 /* ViewController.h */,
				F94BF95D1E91461200E5A021 /* ViewController.m */,
				F94BF95F1E91461200E5A021 /* Main.storyboard */,
				F94BF9621E91461200E5A021 /* Assets.xcassets */,
				F94BF9641E91461200E5A021 /* LaunchScreen.storyboard */,
				F94BF9671E91461200E5A021 /* Info.plist */,
				F94BF9561E91461200E5A021 /* Supporting Files */,
			);
			path = 20_lecture_UIView_Animations;
			sourceTree = "<group>";
		};
		F94BF9561E91461200E5A021 /* Supporting Files */ = {
			isa = PBXGroup;
			children = (
				F94BF9571E91461200E5A021 /* main.m */,
			);
			name = "Supporting Files";
			sourceTree = "<group>";
		};
		F94BF96F1E91461200E5A021 /* 20_lecture_UIView_AnimationsTests */ = {
			isa = PBXGroup;
			children = (
				F94BF9701E91461200E5A021 /* _0_lecture_UIView_AnimationsTests.m */,
				F94BF9721E91461200E5A021 /* Info.plist */,
			);
			path = 20_lecture_UIView_AnimationsTests;
			sourceTree = "<group>";
		};
		F94BF97A1E91461200E5A021 /* 20_lecture_UIView_AnimationsUITests */ = {
			isa = PBXGroup;
			children = (
				F94BF97B1E91461200E5A021 /* _0_lecture_UIView_AnimationsUITests.m */,
				F94BF97D1E91461200E5A021 /* Info.plist */,
			);
			path = 20_lecture_UIView_AnimationsUITests;
			sourceTree = "<group>";
		};
		F9AFE8431E9403C7000BAD5F /* imgFile */ = {
			isa = PBXGroup;
			children = (
				F9AFE8441E9403C7000BAD5F /* img1.png */,
				F9AFE8451E9403C7000BAD5F /* img2.png */,
				F9AFE8461E9403C7000BAD5F /* img3.png */,
			);
			path = imgFile;
			sourceTree = "<group>";
		};
/* End PBXGroup section */

/* Begin PBXNativeTarget section */
		F94BF9521E91461100E5A021 /* 20_lecture_UIView_Animations */ = {
			isa = PBXNativeTarget;
			buildConfigurationList = F94BF9801E91461200E5A021 /* Build configuration list for PBXNativeTarget "20_lecture_UIView_Animations" */;
			buildPhases = (
				F94BF94F1E91461100E5A021 /* Sources */,
				F94BF9501E91461100E5A021 /* Frameworks */,
				F94BF9511E91461100E5A021 /* Resources */,
			);
			buildRules = (
			);
			dependencies = (
			);
			name = 20_lecture_UIView_Animations;
			productName = 20_lecture_UIView_Animations;
			productReference = F94BF9531E91461200E5A021 /* 20_lecture_UIView_Animations.app */;
			productType = "com.apple.product-type.application";
		};
		F94BF96B1E91461200E5A021 /* 20_lecture_UIView_AnimationsTests */ = {
			isa = PBXNativeTarget;
			buildConfigurationList = F94BF9831E91461200E5A021 /* Build configuration list for PBXNativeTarget "20_lecture_UIView_AnimationsTests" */;
			buildPhases = (
				F94BF9681E91461200E5A021 /* Sources */,
				F94BF9691E91461200E5A021 /* Frameworks */,
				F94BF96A1E91461200E5A021 /* Resources */,
			);
			buildRules = (
			);
			dependencies = (
				F94BF96E1E91461200E5A021 /* PBXTargetDependency */,
			);
			name = 20_lecture_UIView_AnimationsTests;
			productName = 20_lecture_UIView_AnimationsTests;
			productReference = F94BF96C1E91461200E5A021 /* 20_lecture_UIView_AnimationsTests.xctest */;
			productType = "com.apple.product-type.bundle.unit-test";
		};
		F94BF9761E91461200E5A021 /* 20_lecture_UIView_AnimationsUITests */ = {
			isa = PBXNativeTarget;
			buildConfigurationList = F94BF9861E91461200E5A021 /* Build configuration list for PBXNativeTarget "20_lecture_UIView_AnimationsUITests" */;
			buildPhases = (
				F94BF9731E91461200E5A021 /* Sources */,
				F94BF9741E91461200E5A021 /* Frameworks */,
				F94BF9751E91461200E5A021 /* Resources */,
			);
			buildRules = (
			);
			dependencies = (
				F94BF9791E91461200E5A021 /* PBXTargetDependency */,
			);
			name = 20_lecture_UIView_AnimationsUITests;
			productName = 20_lecture_UIView_AnimationsUITests;
			productReference = F94BF9771E91461200E5A021 /* 20_lecture_UIView_AnimationsUITests.xctest */;
			productType = "com.apple.product-type.bundle.ui-testing";
		};
/* End PBXNativeTarget section */

/* Begin PBXProject section */
		F94BF94B1E91461100E5A021 /* Project object */ = {
			isa = PBXProject;
			attributes = {
				LastUpgradeCheck = 0830;
				ORGANIZATIONNAME = Slava;
				TargetAttributes = {
					F94BF9521E91461100E5A021 = {
						CreatedOnToolsVersion = 8.3;
						ProvisioningStyle = Automatic;
					};
					F94BF96B1E91461200E5A021 = {
						CreatedOnToolsVersion = 8.3;
						ProvisioningStyle = Automatic;
						TestTargetID = F94BF9521E91461100E5A021;
					};
					F94BF9761E91461200E5A021 = {
						CreatedOnToolsVersion = 8.3;
						ProvisioningStyle = Automatic;
						TestTargetID = F94BF9521E91461100E5A021;
					};
				};
			};
			buildConfigurationList = F94BF94E1E91461100E5A021 /* Build configuration list for PBXProject "20_lecture_UIView_Animations" */;
			compatibilityVersion = "Xcode 3.2";
			developmentRegion = English;
			hasScannedForEncodings = 0;
			knownRegions = (
				en,
				Base,
			);
			mainGroup = F94BF94A1E91461100E5A021;
			productRefGroup = F94BF9541E91461200E5A021 /* Products */;
			projectDirPath = "";
			projectRoot = "";
			targets = (
				F94BF9521E91461100E5A021 /* 20_lecture_UIView_Animations */,
				F94BF96B1E91461200E5A021 /* 20_lecture_UIView_AnimationsTests */,
				F94BF9761E91461200E5A021 /* 20_lecture_UIView_AnimationsUITests */,
			);
		};
/* End PBXProject section */

/* Begin PBXResourcesBuildPhase section */
		F94BF9511E91461100E5A021 /* Resources */ = {
			isa = PBXResourcesBuildPhase;
			buildActionMask = 2147483647;
			files = (
				F94BF9661E91461200E5A021 /* LaunchScreen.storyboard in Resources */,
				F9AFE8481E9403C7000BAD5F /* img2.png in Resources */,
				F9AFE8471E9403C7000BAD5F /* img1.png in Resources */,
				F94BF9631E91461200E5A021 /* Assets.xcassets in Resources */,
				F94BF9611E91461200E5A021 /* Main.storyboard in Resources */,
				F9AFE8491E9403C7000BAD5F /* img3.png in Resources */,
			);
			runOnlyForDeploymentPostprocessing = 0;
		};
		F94BF96A1E91461200E5A021 /* Resources */ = {
			isa = PBXResourcesBuildPhase;
			buildActionMask = 2147483647;
			files = (
			);
			runOnlyForDeploymentPostprocessing = 0;
		};
		F94BF9751E91461200E5A021 /* Resources */ = {
			isa = PBXResourcesBuildPhase;
			buildActionMask = 2147483647;
			files = (
			);
			runOnlyForDeploymentPostprocessing = 0;
		};
/* End PBXResourcesBuildPhase section */

/* Begin PBXSourcesBuildPhase section */
		F94BF94F1E91461100E5A021 /* Sources */ = {
			isa = PBXSourcesBuildPhase;
			buildActionMask = 2147483647;
			files = (
				F94BF95E1E91461200E5A021 /* ViewController.m in Sources */,
				F94BF95B1E91461200E5A021 /* AppDelegate.m in Sources */,
				F94BF9581E91461200E5A021 /* main.m in Sources */,
			);
			runOnlyForDeploymentPostprocessing = 0;
		};
		F94BF9681E91461200E5A021 /* Sources */ = {
			isa = PBXSourcesBuildPhase;
			buildActionMask = 2147483647;
			files = (
				F94BF9711E91461200E5A021 /* _0_lecture_UIView_AnimationsTests.m in Sources */,
			);
			runOnlyForDeploymentPostprocessing = 0;
		};
		F94BF9731E91461200E5A021 /* Sources */ = {
			isa = PBXSourcesBuildPhase;
			buildActionMask = 2147483647;
			files = (
				F94BF97C1E91461200E5A021 /* _0_lecture_UIView_AnimationsUITests.m in Sources */,
			);
			runOnlyForDeploymentPostprocessing = 0;
		};
/* End PBXSourcesBuildPhase section */

/* Begin PBXTargetDependency section */
		F94BF96E1E91461200E5A021 /* PBXTargetDependency */ = {
			isa = PBXTargetDependency;
			target = F94BF9521E91461100E5A021 /* 20_lecture_UIView_Animations */;
			targetProxy = F94BF96D1E91461200E5A021 /* PBXContainerItemProxy */;
		};
		F94BF9791E91461200E5A021 /* PBXTargetDependency */ = {
			isa = PBXTargetDependency;
			target = F94BF9521E91461100E5A021 /* 20_lecture_UIView_Animations */;
			targetProxy = F94BF9781E91461200E5A021 /* PBXContainerItemProxy */;
		};
/* End PBXTargetDependency section */

/* Begin PBXVariantGroup section */
		F94BF95F1E91461200E5A021 /* Main.storyboard */ = {
			isa = PBXVariantGroup;
			children = (
				F94BF9601E91461200E5A021 /* Base */,
			);
			name = Main.storyboard;
			sourceTree = "<group>";
		};
		F94BF9641E91461200E5A021 /* LaunchScreen.storyboard */ = {
			isa = PBXVariantGroup;
			children = (
				F94BF9651E91461200E5A021 /* Base */,
			);
			name = LaunchScreen.storyboard;
			sourceTree = "<group>";
		};
/* End PBXVariantGroup section */

/* Begin XCBuildConfiguration section */
		F94BF97E1E91461200E5A021 /* Debug */ = {
			isa = XCBuildConfiguration;
			buildSettings = {
				ALWAYS_SEARCH_USER_PATHS = NO;
				CLANG_ANALYZER_NONNULL = YES;
				CLANG_ANALYZER_NUMBER_OBJECT_CONVERSION = YES_AGGRESSIVE;
				CLANG_CXX_LANGUAGE_STANDARD = "gnu++0x";
				CLANG_CXX_LIBRARY = "libc++";
				CLANG_ENABLE_MODULES = YES;
				CLANG_ENABLE_OBJC_ARC = YES;
				CLANG_WARN_BOOL_CONVERSION = YES;
				CLANG_WARN_CONSTANT_CONVERSION = YES;
				CLANG_WARN_DIRECT_OBJC_ISA_USAGE = YES_ERROR;
				CLANG_WARN_DOCUMENTATION_COMMENTS = YES;
				CLANG_WARN_EMPTY_BODY = YES;
				CLANG_WARN_ENUM_CONVERSION = YES;
				CLANG_WARN_INFINITE_RECURSION = YES;
				CLANG_WARN_INT_CONVERSION = YES;
				CLANG_WARN_OBJC_ROOT_CLASS = YES_ERROR;
				CLANG_WARN_SUSPICIOUS_MOVE = YES;
				CLANG_WARN_UNREACHABLE_CODE = YES;
				CLANG_WARN__DUPLICATE_METHOD_MATCH = YES;
				"CODE_SIGN_IDENTITY[sdk=iphoneos*]" = "iPhone Developer";
				COPY_PHASE_STRIP = NO;
				DEBUG_INFORMATION_FORMAT = dwarf;
				ENABLE_STRICT_OBJC_MSGSEND = YES;
				ENABLE_TESTABILITY = YES;
				GCC_C_LANGUAGE_STANDARD = gnu99;
				GCC_DYNAMIC_NO_PIC = NO;
				GCC_NO_COMMON_BLOCKS = YES;
				GCC_OPTIMIZATION_LEVEL = 0;
				GCC_PREPROCESSOR_DEFINITIONS = (
					"DEBUG=1",
					"$(inherited)",
				);
				GCC_WARN_64_TO_32_BIT_CONVERSION = YES;
				GCC_WARN_ABOUT_RETURN_TYPE = YES_ERROR;
				GCC_WARN_UNDECLARED_SELECTOR = YES;
				GCC_WARN_UNINITIALIZED_AUTOS = YES_AGGRESSIVE;
				GCC_WARN_UNUSED_FUNCTION = YES;
				GCC_WARN_UNUSED_VARIABLE = YES;
				IPHONEOS_DEPLOYMENT_TARGET = 10.3;
				MTL_ENABLE_DEBUG_INFO = YES;
				ONLY_ACTIVE_ARCH = YES;
				SDKROOT = iphoneos;
				TARGETED_DEVICE_FAMILY = "1,2";
			};
			name = Debug;
		};
		F94BF97F1E91461200E5A021 /* Release */ = {
			isa = XCBuildConfiguration;
			buildSettings = {
				ALWAYS_SEARCH_USER_PATHS = NO;
				CLANG_ANALYZER_NONNULL = YES;
				CLANG_ANALYZER_NUMBER_OBJECT_CONVERSION = YES_AGGRESSIVE;
				CLANG_CXX_LANGUAGE_STANDARD = "gnu++0x";
				CLANG_CXX_LIBRARY = "libc++";
				CLANG_ENABLE_MODULES = YES;
				CLANG_ENABLE_OBJC_ARC = YES;
				CLANG_WARN_BOOL_CONVERSION = YES;
				CLANG_WARN_CONSTANT_CONVERSION = YES;
				CLANG_WARN_DIRECT_OBJC_ISA_USAGE = YES_ERROR;
				CLANG_WARN_DOCUMENTATION_COMMENTS = YES;
				CLANG_WARN_EMPTY_BODY = YES;
				CLANG_WARN_ENUM_CONVERSION = YES;
				CLANG_WARN_INFINITE_RECURSION = YES;
				CLANG_WARN_INT_CONVERSION = YES;
				CLANG_WARN_OBJC_ROOT_CLASS = YES_ERROR;
				CLANG_WARN_SUSPICIOUS_MOVE = YES;
				CLANG_WARN_UNREACHABLE_CODE = YES;
				CLANG_WARN__DUPLICATE_METHOD_MATCH = YES;
				"CODE_SIGN_IDENTITY[sdk=iphoneos*]" = "iPhone Developer";
				COPY_PHASE_STRIP = NO;
				DEBUG_INFORMATION_FORMAT = "dwarf-with-dsym";
				ENABLE_NS_ASSERTIONS = NO;
				ENABLE_STRICT_OBJC_MSGSEND = YES;
				GCC_C_LANGUAGE_STANDARD = gnu99;
				GCC_NO_COMMON_BLOCKS = YES;
				GCC_WARN_64_TO_32_BIT_CONVERSION = YES;
				GCC_WARN_ABOUT_RETURN_TYPE = YES_ERROR;
				GCC_WARN_UNDECLARED_SELECTOR = YES;
				GCC_WARN_UNINITIALIZED_AUTOS = YES_AGGRESSIVE;
				GCC_WARN_UNUSED_FUNCTION = YES;
				GCC_WARN_UNUSED_VARIABLE = YES;
				IPHONEOS_DEPLOYMENT_TARGET = 10.3;
				MTL_ENABLE_DEBUG_INFO = NO;
				SDKROOT = iphoneos;
				TARGETED_DEVICE_FAMILY = "1,2";
				VALIDATE_PRODUCT = YES;
			};
			name = Release;
		};
		F94BF9811E91461200E5A021 /* Debug */ = {
			isa = XCBuildConfiguration;
			buildSettings = {
				ASSETCATALOG_COMPILER_APPICON_NAME = AppIcon;
				INFOPLIST_FILE = 20_lecture_UIView_Animations/Info.plist;
				LD_RUNPATH_SEARCH_PATHS = "$(inherited) @executable_path/Frameworks";
				PRODUCT_BUNDLE_IDENTIFIER = "com.slavchik.-0-lecture-UIView-Animations";
				PRODUCT_NAME = "$(TARGET_NAME)";
			};
			name = Debug;
		};
		F94BF9821E91461200E5A021 /* Release */ = {
			isa = XCBuildConfiguration;
			buildSettings = {
				ASSETCATALOG_COMPILER_APPICON_NAME = AppIcon;
				INFOPLIST_FILE = 20_lecture_UIView_Animations/Info.plist;
				LD_RUNPATH_SEARCH_PATHS = "$(inherited) @executable_path/Frameworks";
				PRODUCT_BUNDLE_IDENTIFIER = "com.slavchik.-0-lecture-UIView-Animations";
				PRODUCT_NAME = "$(TARGET_NAME)";
			};
			name = Release;
		};
		F94BF9841E91461200E5A021 /* Debug */ = {
			isa = XCBuildConfiguration;
			buildSettings = {
				BUNDLE_LOADER = "$(TEST_HOST)";
				INFOPLIST_FILE = 20_lecture_UIView_AnimationsTests/Info.plist;
				LD_RUNPATH_SEARCH_PATHS = "$(inherited) @executable_path/Frameworks @loader_path/Frameworks";
				PRODUCT_BUNDLE_IDENTIFIER = "com.slavchik.-0-lecture-UIView-AnimationsTests";
				PRODUCT_NAME = "$(TARGET_NAME)";
				TEST_HOST = "$(BUILT_PRODUCTS_DIR)/20_lecture_UIView_Animations.app/20_lecture_UIView_Animations";
			};
			name = Debug;
		};
		F94BF9851E91461200E5A021 /* Release */ = {
			isa = XCBuildConfiguration;
			buildSettings = {
				BUNDLE_LOADER = "$(TEST_HOST)";
				INFOPLIST_FILE = 20_lecture_UIView_AnimationsTests/Info.plist;
				LD_RUNPATH_SEARCH_PATHS = "$(inherited) @executable_path/Frameworks @loader_path/Frameworks";
				PRODUCT_BUNDLE_IDENTIFIER = "com.slavchik.-0-lecture-UIView-AnimationsTests";
				PRODUCT_NAME = "$(TARGET_NAME)";
				TEST_HOST = "$(BUILT_PRODUCTS_DIR)/20_lecture_UIView_Animations.app/20_lecture_UIView_Animations";
			};
			name = Release;
		};
		F94BF9871E91461200E5A021 /* Debug */ = {
			isa = XCBuildConfiguration;
			buildSettings = {
				INFOPLIST_FILE = 20_lecture_UIView_AnimationsUITests/Info.plist;
				LD_RUNPATH_SEARCH_PATHS = "$(inherited) @executable_path/Frameworks @loader_path/Frameworks";
				PRODUCT_BUNDLE_IDENTIFIER = "com.slavchik.-0-lecture-UIView-AnimationsUITests";
				PRODUCT_NAME = "$(TARGET_NAME)";
				TEST_TARGET_NAME = 20_lecture_UIView_Animations;
			};
			name = Debug;
		};
		F94BF9881E91461200E5A021 /* Release */ = {
			isa = XCBuildConfiguration;
			buildSettings = {
				INFOPLIST_FILE = 20_lecture_UIView_AnimationsUITests/Info.plist;
				LD_RUNPATH_SEARCH_PATHS = "$(inherited) @executable_path/Frameworks @loader_path/Frameworks";
				PRODUCT_BUNDLE_IDENTIFIER = "com.slavchik.-0-lecture-UIView-AnimationsUITests";
				PRODUCT_NAME = "$(TARGET_NAME)";
				TEST_TARGET_NAME = 20_lecture_UIView_Animations;
			};
			name = Release;
		};
/* End XCBuildConfiguration section */

/* Begin XCConfigurationList section */
		F94BF94E1E91461100E5A021 /* Build configuration list for PBXProject "20_lecture_UIView_Animations" */ = {
			isa = XCConfigurationList;
			buildConfigurations = (
				F94BF97E1E91461200E5A021 /* Debug */,
				F94BF97F1E91461200E5A021 /* Release */,
			);
			defaultConfigurationIsVisible = 0;
			defaultConfigurationName = Release;
		};
		F94BF9801E91461200E5A021 /* Build configuration list for PBXNativeTarget "20_lecture_UIView_Animations" */ = {
			isa = XCConfigurationList;
			buildConfigurations = (
				F94BF9811E91461200E5A021 /* Debug */,
				F94BF9821E91461200E5A021 /* Release */,
			);
			defaultConfigurationIsVisible = 0;
			defaultConfigurationName = Release;
		};
		F94BF9831E91461200E5A021 /* Build configuration list for PBXNativeTarget "20_lecture_UIView_AnimationsTests" */ = {
			isa = XCConfigurationList;
			buildConfigurations = (
				F94BF9841E91461200E5A021 /* Debug */,
				F94BF9851E91461200E5A021 /* Release */,
			);
			defaultConfigurationIsVisible = 0;
			defaultConfigurationName = Release;
		};
		F94BF9861E91461200E5A021 /* Build configuration list for PBXNativeTarget "20_lecture_UIView_AnimationsUITests" */ = {
			isa = XCConfigurationList;
			buildConfigurations = (
				F94BF9871E91461200E5A021 /* Debug */,
				F94BF9881E91461200E5A021 /* Release */,
			);
			defaultConfigurationIsVisible = 0;
			defaultConfigurationName = Release;
		};
/* End XCConfigurationList section */
	};
	rootObject = F94BF94B1E91461100E5A021 /* Project object */;
}
